// !$*UTF8*$!
{
	archiveVersion = 1;
	classes = {
	};
	objectVersion = 50;
	objects = {

/* Begin PBXBuildFile section */
		0E4F86B29246A5ECFA9713F7 /* Pods_UrbanApplause.framework in Frameworks */ = {isa = PBXBuildFile; fileRef = C68BAC5981306F8C22D9AAC8 /* Pods_UrbanApplause.framework */; };
		69778D31B4B4F414802083CC /* Pods_UrbanApplauseTests.framework in Frameworks */ = {isa = PBXBuildFile; fileRef = D77C9E60E57592BD2EA59A4B /* Pods_UrbanApplauseTests.framework */; };
		955EC593210CBDE700B21207 /* Main.storyboard in Resources */ = {isa = PBXBuildFile; fileRef = 955EC592210CBDE700B21207 /* Main.storyboard */; };
		955EC595210CC8D800B21207 /* ImageViewController.swift in Sources */ = {isa = PBXBuildFile; fileRef = 955EC594210CC8D800B21207 /* ImageViewController.swift */; };
		955EC597210D410500B21207 /* PostFormViewController.swift in Sources */ = {isa = PBXBuildFile; fileRef = 955EC596210D410500B21207 /* PostFormViewController.swift */; };
		955EC599210DF78500B21207 /* Session.swift in Sources */ = {isa = PBXBuildFile; fileRef = 955EC598210DF78500B21207 /* Session.swift */; };
		955EC59B210DFED300B21207 /* AuthViewController.swift in Sources */ = {isa = PBXBuildFile; fileRef = 955EC59A210DFED300B21207 /* AuthViewController.swift */; };
		95A87D9221443BF90034EED3 /* GetPosts.swift in Sources */ = {isa = PBXBuildFile; fileRef = 95A87D9121443BF90034EED3 /* GetPosts.swift */; };
		95A87D9421443CB00034EED3 /* APIClient.swift in Sources */ = {isa = PBXBuildFile; fileRef = 95A87D9321443CB00034EED3 /* APIClient.swift */; };
		95A87D9621443D220034EED3 /* APIResponse.swift in Sources */ = {isa = PBXBuildFile; fileRef = 95A87D9521443D220034EED3 /* APIResponse.swift */; };
		95A87D9821443D460034EED3 /* APIError.swift in Sources */ = {isa = PBXBuildFile; fileRef = 95A87D9721443D460034EED3 /* APIError.swift */; };
		95AA4B8121055FB9008962F5 /* AppDelegate.swift in Sources */ = {isa = PBXBuildFile; fileRef = 95AA4B8021055FB9008962F5 /* AppDelegate.swift */; };
		95AA4B8821055FB9008962F5 /* Assets.xcassets in Resources */ = {isa = PBXBuildFile; fileRef = 95AA4B8721055FB9008962F5 /* Assets.xcassets */; };
		95AA4B8B21055FB9008962F5 /* LaunchScreen.storyboard in Resources */ = {isa = PBXBuildFile; fileRef = 95AA4B8921055FB9008962F5 /* LaunchScreen.storyboard */; };
		95AA4B9621055FBA008962F5 /* UrbanApplauseTests.swift in Sources */ = {isa = PBXBuildFile; fileRef = 95AA4B9521055FBA008962F5 /* UrbanApplauseTests.swift */; };
		95AA4BA121055FBA008962F5 /* UrbanApplauseUITests.swift in Sources */ = {isa = PBXBuildFile; fileRef = 95AA4BA021055FBA008962F5 /* UrbanApplauseUITests.swift */; };
		95AA4BAF2105600E008962F5 /* PostTableViewController.swift in Sources */ = {isa = PBXBuildFile; fileRef = 95AA4BAE2105600E008962F5 /* PostTableViewController.swift */; };
		95AA4BB521056717008962F5 /* PostTableViewCell.swift in Sources */ = {isa = PBXBuildFile; fileRef = 95AA4BB421056717008962F5 /* PostTableViewCell.swift */; };
		95F2B9A4210BD81300B9D5B9 /* PostDetailViewController.swift in Sources */ = {isa = PBXBuildFile; fileRef = 95F2B9A3210BD81300B9D5B9 /* PostDetailViewController.swift */; };
		95F6A33B21443823009098CB /* GetComics.swift in Sources */ = {isa = PBXBuildFile; fileRef = 95F6A32A21443823009098CB /* GetComics.swift */; };
		95F6A33C21443823009098CB /* GetCharacters.swift in Sources */ = {isa = PBXBuildFile; fileRef = 95F6A32B21443823009098CB /* GetCharacters.swift */; };
		95F6A33D21443823009098CB /* GetComic.swift in Sources */ = {isa = PBXBuildFile; fileRef = 95F6A32C21443823009098CB /* GetComic.swift */; };
		95F6A33E21443823009098CB /* MarvelAPIClient.swift in Sources */ = {isa = PBXBuildFile; fileRef = 95F6A32D21443823009098CB /* MarvelAPIClient.swift */; };
		95F6A33F21443823009098CB /* HTTPParameter.swift in Sources */ = {isa = PBXBuildFile; fileRef = 95F6A32F21443823009098CB /* HTTPParameter.swift */; };
		95F6A34021443823009098CB /* Result.swift in Sources */ = {isa = PBXBuildFile; fileRef = 95F6A33021443823009098CB /* Result.swift */; };
		95F6A34121443823009098CB /* md5.swift in Sources */ = {isa = PBXBuildFile; fileRef = 95F6A33121443823009098CB /* md5.swift */; };
		95F6A34221443823009098CB /* URLQueryItemEncoder.swift in Sources */ = {isa = PBXBuildFile; fileRef = 95F6A33221443823009098CB /* URLQueryItemEncoder.swift */; };
		95F6A34321443823009098CB /* DataContainer.swift in Sources */ = {isa = PBXBuildFile; fileRef = 95F6A33421443823009098CB /* DataContainer.swift */; };
		95F6A34421443823009098CB /* Comic.swift in Sources */ = {isa = PBXBuildFile; fileRef = 95F6A33521443823009098CB /* Comic.swift */; };
		95F6A34521443823009098CB /* Image.swift in Sources */ = {isa = PBXBuildFile; fileRef = 95F6A33621443823009098CB /* Image.swift */; };
		95F6A34621443823009098CB /* MarvelResponse.swift in Sources */ = {isa = PBXBuildFile; fileRef = 95F6A33721443823009098CB /* MarvelResponse.swift */; };
		95F6A34721443823009098CB /* MarvelError.swift in Sources */ = {isa = PBXBuildFile; fileRef = 95F6A33821443823009098CB /* MarvelError.swift */; };
		95F6A34821443823009098CB /* ComicCharacter.swift in Sources */ = {isa = PBXBuildFile; fileRef = 95F6A33921443823009098CB /* ComicCharacter.swift */; };
		95F6A34921443823009098CB /* APIRequest.swift in Sources */ = {isa = PBXBuildFile; fileRef = 95F6A33A21443823009098CB /* APIRequest.swift */; };
		95F6A34B214438E9009098CB /* Post.swift in Sources */ = {isa = PBXBuildFile; fileRef = 95F6A34A214438E9009098CB /* Post.swift */; };
		95F6A34D21443902009098CB /* Artist.swift in Sources */ = {isa = PBXBuildFile; fileRef = 95F6A34C21443902009098CB /* Artist.swift */; };
		95F6A34F2144391B009098CB /* AuthForm.swift in Sources */ = {isa = PBXBuildFile; fileRef = 95F6A34E2144391B009098CB /* AuthForm.swift */; };
		95F6A35121443995009098CB /* SwiftyJSON.swift in Sources */ = {isa = PBXBuildFile; fileRef = 95F6A35021443994009098CB /* SwiftyJSON.swift */; };
		CB023D55EE4C62B5FC46F746 /* Pods_UrbanApplauseUITests.framework in Frameworks */ = {isa = PBXBuildFile; fileRef = A259BA5640572DC9E4530817 /* Pods_UrbanApplauseUITests.framework */; };
/* End PBXBuildFile section */

/* Begin PBXContainerItemProxy section */
		95AA4B9221055FBA008962F5 /* PBXContainerItemProxy */ = {
			isa = PBXContainerItemProxy;
			containerPortal = 95AA4B7521055FB9008962F5 /* Project object */;
			proxyType = 1;
			remoteGlobalIDString = 95AA4B7C21055FB9008962F5;
			remoteInfo = UrbanApplause;
		};
		95AA4B9D21055FBA008962F5 /* PBXContainerItemProxy */ = {
			isa = PBXContainerItemProxy;
			containerPortal = 95AA4B7521055FB9008962F5 /* Project object */;
			proxyType = 1;
			remoteGlobalIDString = 95AA4B7C21055FB9008962F5;
			remoteInfo = UrbanApplause;
		};
/* End PBXContainerItemProxy section */

/* Begin PBXFileReference section */
		0C605DAA8AE60B41341E7D46 /* Pods-UrbanApplauseTests.release.xcconfig */ = {isa = PBXFileReference; includeInIndex = 1; lastKnownFileType = text.xcconfig; name = "Pods-UrbanApplauseTests.release.xcconfig"; path = "Pods/Target Support Files/Pods-UrbanApplauseTests/Pods-UrbanApplauseTests.release.xcconfig"; sourceTree = "<group>"; };
		50A26EC127C1299E12918200 /* Pods-UrbanApplauseUITests.debug.xcconfig */ = {isa = PBXFileReference; includeInIndex = 1; lastKnownFileType = text.xcconfig; name = "Pods-UrbanApplauseUITests.debug.xcconfig"; path = "Pods/Target Support Files/Pods-UrbanApplauseUITests/Pods-UrbanApplauseUITests.debug.xcconfig"; sourceTree = "<group>"; };
		5DCA52A0BD280FB13AACFCA2 /* Pods-UrbanApplause.release.xcconfig */ = {isa = PBXFileReference; includeInIndex = 1; lastKnownFileType = text.xcconfig; name = "Pods-UrbanApplause.release.xcconfig"; path = "Pods/Target Support Files/Pods-UrbanApplause/Pods-UrbanApplause.release.xcconfig"; sourceTree = "<group>"; };
		955EC592210CBDE700B21207 /* Main.storyboard */ = {isa = PBXFileReference; fileEncoding = 4; lastKnownFileType = file.storyboard; path = Main.storyboard; sourceTree = "<group>"; };
		955EC594210CC8D800B21207 /* ImageViewController.swift */ = {isa = PBXFileReference; lastKnownFileType = sourcecode.swift; path = ImageViewController.swift; sourceTree = "<group>"; };
		955EC596210D410500B21207 /* PostFormViewController.swift */ = {isa = PBXFileReference; lastKnownFileType = sourcecode.swift; path = PostFormViewController.swift; sourceTree = "<group>"; };
		955EC598210DF78500B21207 /* Session.swift */ = {isa = PBXFileReference; lastKnownFileType = sourcecode.swift; path = Session.swift; sourceTree = "<group>"; };
		955EC59A210DFED300B21207 /* AuthViewController.swift */ = {isa = PBXFileReference; lastKnownFileType = sourcecode.swift; path = AuthViewController.swift; sourceTree = "<group>"; };
		95A87D9121443BF90034EED3 /* GetPosts.swift */ = {isa = PBXFileReference; lastKnownFileType = sourcecode.swift; path = GetPosts.swift; sourceTree = "<group>"; };
		95A87D9321443CB00034EED3 /* APIClient.swift */ = {isa = PBXFileReference; lastKnownFileType = sourcecode.swift; path = APIClient.swift; sourceTree = "<group>"; };
		95A87D9521443D220034EED3 /* APIResponse.swift */ = {isa = PBXFileReference; lastKnownFileType = sourcecode.swift; path = APIResponse.swift; sourceTree = "<group>"; };
		95A87D9721443D460034EED3 /* APIError.swift */ = {isa = PBXFileReference; lastKnownFileType = sourcecode.swift; path = APIError.swift; sourceTree = "<group>"; };
		95AA4B7D21055FB9008962F5 /* UrbanApplause.app */ = {isa = PBXFileReference; explicitFileType = wrapper.application; includeInIndex = 0; path = UrbanApplause.app; sourceTree = BUILT_PRODUCTS_DIR; };
		95AA4B8021055FB9008962F5 /* AppDelegate.swift */ = {isa = PBXFileReference; lastKnownFileType = sourcecode.swift; path = AppDelegate.swift; sourceTree = "<group>"; };
		95AA4B8721055FB9008962F5 /* Assets.xcassets */ = {isa = PBXFileReference; lastKnownFileType = folder.assetcatalog; path = Assets.xcassets; sourceTree = "<group>"; };
		95AA4B8A21055FB9008962F5 /* Base */ = {isa = PBXFileReference; lastKnownFileType = file.storyboard; name = Base; path = Base.lproj/LaunchScreen.storyboard; sourceTree = "<group>"; };
		95AA4B8C21055FB9008962F5 /* Info.plist */ = {isa = PBXFileReference; lastKnownFileType = text.plist.xml; path = Info.plist; sourceTree = "<group>"; };
		95AA4B9121055FBA008962F5 /* UrbanApplauseTests.xctest */ = {isa = PBXFileReference; explicitFileType = wrapper.cfbundle; includeInIndex = 0; path = UrbanApplauseTests.xctest; sourceTree = BUILT_PRODUCTS_DIR; };
		95AA4B9521055FBA008962F5 /* UrbanApplauseTests.swift */ = {isa = PBXFileReference; lastKnownFileType = sourcecode.swift; path = UrbanApplauseTests.swift; sourceTree = "<group>"; };
		95AA4B9721055FBA008962F5 /* Info.plist */ = {isa = PBXFileReference; lastKnownFileType = text.plist.xml; path = Info.plist; sourceTree = "<group>"; };
		95AA4B9C21055FBA008962F5 /* UrbanApplauseUITests.xctest */ = {isa = PBXFileReference; explicitFileType = wrapper.cfbundle; includeInIndex = 0; path = UrbanApplauseUITests.xctest; sourceTree = BUILT_PRODUCTS_DIR; };
		95AA4BA021055FBA008962F5 /* UrbanApplauseUITests.swift */ = {isa = PBXFileReference; lastKnownFileType = sourcecode.swift; path = UrbanApplauseUITests.swift; sourceTree = "<group>"; };
		95AA4BA221055FBA008962F5 /* Info.plist */ = {isa = PBXFileReference; lastKnownFileType = text.plist.xml; path = Info.plist; sourceTree = "<group>"; };
		95AA4BAE2105600E008962F5 /* PostTableViewController.swift */ = {isa = PBXFileReference; lastKnownFileType = sourcecode.swift; path = PostTableViewController.swift; sourceTree = "<group>"; };
		95AA4BB421056717008962F5 /* PostTableViewCell.swift */ = {isa = PBXFileReference; lastKnownFileType = sourcecode.swift; path = PostTableViewCell.swift; sourceTree = "<group>"; };
		95F2B9A3210BD81300B9D5B9 /* PostDetailViewController.swift */ = {isa = PBXFileReference; lastKnownFileType = sourcecode.swift; path = PostDetailViewController.swift; sourceTree = "<group>"; };
		95F6A32A21443823009098CB /* GetComics.swift */ = {isa = PBXFileReference; fileEncoding = 4; lastKnownFileType = sourcecode.swift; path = GetComics.swift; sourceTree = "<group>"; };
		95F6A32B21443823009098CB /* GetCharacters.swift */ = {isa = PBXFileReference; fileEncoding = 4; lastKnownFileType = sourcecode.swift; path = GetCharacters.swift; sourceTree = "<group>"; };
		95F6A32C21443823009098CB /* GetComic.swift */ = {isa = PBXFileReference; fileEncoding = 4; lastKnownFileType = sourcecode.swift; path = GetComic.swift; sourceTree = "<group>"; };
		95F6A32D21443823009098CB /* MarvelAPIClient.swift */ = {isa = PBXFileReference; fileEncoding = 4; lastKnownFileType = sourcecode.swift; path = MarvelAPIClient.swift; sourceTree = "<group>"; };
		95F6A32F21443823009098CB /* HTTPParameter.swift */ = {isa = PBXFileReference; fileEncoding = 4; lastKnownFileType = sourcecode.swift; path = HTTPParameter.swift; sourceTree = "<group>"; };
		95F6A33021443823009098CB /* Result.swift */ = {isa = PBXFileReference; fileEncoding = 4; lastKnownFileType = sourcecode.swift; path = Result.swift; sourceTree = "<group>"; };
		95F6A33121443823009098CB /* md5.swift */ = {isa = PBXFileReference; fileEncoding = 4; lastKnownFileType = sourcecode.swift; path = md5.swift; sourceTree = "<group>"; };
		95F6A33221443823009098CB /* URLQueryItemEncoder.swift */ = {isa = PBXFileReference; fileEncoding = 4; lastKnownFileType = sourcecode.swift; path = URLQueryItemEncoder.swift; sourceTree = "<group>"; };
		95F6A33421443823009098CB /* DataContainer.swift */ = {isa = PBXFileReference; fileEncoding = 4; lastKnownFileType = sourcecode.swift; path = DataContainer.swift; sourceTree = "<group>"; };
		95F6A33521443823009098CB /* Comic.swift */ = {isa = PBXFileReference; fileEncoding = 4; lastKnownFileType = sourcecode.swift; path = Comic.swift; sourceTree = "<group>"; };
		95F6A33621443823009098CB /* Image.swift */ = {isa = PBXFileReference; fileEncoding = 4; lastKnownFileType = sourcecode.swift; path = Image.swift; sourceTree = "<group>"; };
		95F6A33721443823009098CB /* MarvelResponse.swift */ = {isa = PBXFileReference; fileEncoding = 4; lastKnownFileType = sourcecode.swift; path = MarvelResponse.swift; sourceTree = "<group>"; };
		95F6A33821443823009098CB /* MarvelError.swift */ = {isa = PBXFileReference; fileEncoding = 4; lastKnownFileType = sourcecode.swift; path = MarvelError.swift; sourceTree = "<group>"; };
		95F6A33921443823009098CB /* ComicCharacter.swift */ = {isa = PBXFileReference; fileEncoding = 4; lastKnownFileType = sourcecode.swift; path = ComicCharacter.swift; sourceTree = "<group>"; };
		95F6A33A21443823009098CB /* APIRequest.swift */ = {isa = PBXFileReference; fileEncoding = 4; lastKnownFileType = sourcecode.swift; path = APIRequest.swift; sourceTree = "<group>"; };
		95F6A34A214438E9009098CB /* Post.swift */ = {isa = PBXFileReference; lastKnownFileType = sourcecode.swift; path = Post.swift; sourceTree = "<group>"; };
		95F6A34C21443902009098CB /* Artist.swift */ = {isa = PBXFileReference; lastKnownFileType = sourcecode.swift; path = Artist.swift; sourceTree = "<group>"; };
		95F6A34E2144391B009098CB /* AuthForm.swift */ = {isa = PBXFileReference; lastKnownFileType = sourcecode.swift; path = AuthForm.swift; sourceTree = "<group>"; };
		95F6A35021443994009098CB /* SwiftyJSON.swift */ = {isa = PBXFileReference; fileEncoding = 4; lastKnownFileType = sourcecode.swift; path = SwiftyJSON.swift; sourceTree = "<group>"; };
		A259BA5640572DC9E4530817 /* Pods_UrbanApplauseUITests.framework */ = {isa = PBXFileReference; explicitFileType = wrapper.framework; includeInIndex = 0; path = Pods_UrbanApplauseUITests.framework; sourceTree = BUILT_PRODUCTS_DIR; };
		B54024B66C7DD4BE11DF0A75 /* Pods-UrbanApplauseTests.debug.xcconfig */ = {isa = PBXFileReference; includeInIndex = 1; lastKnownFileType = text.xcconfig; name = "Pods-UrbanApplauseTests.debug.xcconfig"; path = "Pods/Target Support Files/Pods-UrbanApplauseTests/Pods-UrbanApplauseTests.debug.xcconfig"; sourceTree = "<group>"; };
		C68BAC5981306F8C22D9AAC8 /* Pods_UrbanApplause.framework */ = {isa = PBXFileReference; explicitFileType = wrapper.framework; includeInIndex = 0; path = Pods_UrbanApplause.framework; sourceTree = BUILT_PRODUCTS_DIR; };
		D77C9E60E57592BD2EA59A4B /* Pods_UrbanApplauseTests.framework */ = {isa = PBXFileReference; explicitFileType = wrapper.framework; includeInIndex = 0; path = Pods_UrbanApplauseTests.framework; sourceTree = BUILT_PRODUCTS_DIR; };
		E814115D1DC34151D0BD77C6 /* Pods-UrbanApplause.debug.xcconfig */ = {isa = PBXFileReference; includeInIndex = 1; lastKnownFileType = text.xcconfig; name = "Pods-UrbanApplause.debug.xcconfig"; path = "Pods/Target Support Files/Pods-UrbanApplause/Pods-UrbanApplause.debug.xcconfig"; sourceTree = "<group>"; };
		F29463174B37526F42E7D37C /* Pods-UrbanApplauseUITests.release.xcconfig */ = {isa = PBXFileReference; includeInIndex = 1; lastKnownFileType = text.xcconfig; name = "Pods-UrbanApplauseUITests.release.xcconfig"; path = "Pods/Target Support Files/Pods-UrbanApplauseUITests/Pods-UrbanApplauseUITests.release.xcconfig"; sourceTree = "<group>"; };
/* End PBXFileReference section */

/* Begin PBXFrameworksBuildPhase section */
		95AA4B7A21055FB9008962F5 /* Frameworks */ = {
			isa = PBXFrameworksBuildPhase;
			buildActionMask = 2147483647;
			files = (
				0E4F86B29246A5ECFA9713F7 /* Pods_UrbanApplause.framework in Frameworks */,
			);
			runOnlyForDeploymentPostprocessing = 0;
		};
		95AA4B8E21055FBA008962F5 /* Frameworks */ = {
			isa = PBXFrameworksBuildPhase;
			buildActionMask = 2147483647;
			files = (
				69778D31B4B4F414802083CC /* Pods_UrbanApplauseTests.framework in Frameworks */,
			);
			runOnlyForDeploymentPostprocessing = 0;
		};
		95AA4B9921055FBA008962F5 /* Frameworks */ = {
			isa = PBXFrameworksBuildPhase;
			buildActionMask = 2147483647;
			files = (
				CB023D55EE4C62B5FC46F746 /* Pods_UrbanApplauseUITests.framework in Frameworks */,
			);
			runOnlyForDeploymentPostprocessing = 0;
		};
/* End PBXFrameworksBuildPhase section */

/* Begin PBXGroup section */
		001189D427F0C01D7BF50663 /* Pods */ = {
			isa = PBXGroup;
			children = (
				E814115D1DC34151D0BD77C6 /* Pods-UrbanApplause.debug.xcconfig */,
				5DCA52A0BD280FB13AACFCA2 /* Pods-UrbanApplause.release.xcconfig */,
				B54024B66C7DD4BE11DF0A75 /* Pods-UrbanApplauseTests.debug.xcconfig */,
				0C605DAA8AE60B41341E7D46 /* Pods-UrbanApplauseTests.release.xcconfig */,
				50A26EC127C1299E12918200 /* Pods-UrbanApplauseUITests.debug.xcconfig */,
				F29463174B37526F42E7D37C /* Pods-UrbanApplauseUITests.release.xcconfig */,
			);
			name = Pods;
			sourceTree = "<group>";
		};
		95AA4B7421055FB9008962F5 = {
			isa = PBXGroup;
			children = (
				95AA4B7F21055FB9008962F5 /* UrbanApplause */,
				95AA4B9421055FBA008962F5 /* UrbanApplauseTests */,
				95AA4B9F21055FBA008962F5 /* UrbanApplauseUITests */,
				95AA4B7E21055FB9008962F5 /* Products */,
				001189D427F0C01D7BF50663 /* Pods */,
				EFED5F7C1E75AD99B3AAF142 /* Frameworks */,
			);
			sourceTree = "<group>";
		};
		95AA4B7E21055FB9008962F5 /* Products */ = {
			isa = PBXGroup;
			children = (
				95AA4B7D21055FB9008962F5 /* UrbanApplause.app */,
				95AA4B9121055FBA008962F5 /* UrbanApplauseTests.xctest */,
				95AA4B9C21055FBA008962F5 /* UrbanApplauseUITests.xctest */,
			);
			name = Products;
			sourceTree = "<group>";
		};
		95AA4B7F21055FB9008962F5 /* UrbanApplause */ = {
			isa = PBXGroup;
			children = (
				955EC592210CBDE700B21207 /* Main.storyboard */,
				955EC598210DF78500B21207 /* Session.swift */,
				95AA4B8021055FB9008962F5 /* AppDelegate.swift */,
				95F6A32D21443823009098CB /* MarvelAPIClient.swift */,
				95A87D9321443CB00034EED3 /* APIClient.swift */,
				95F6A33321443823009098CB /* Models */,
				95F6A32921443823009098CB /* Requests */,
				95F6A32E21443823009098CB /* Utils */,
				955EC59A210DFED300B21207 /* AuthViewController.swift */,
				95AA4BAE2105600E008962F5 /* PostTableViewController.swift */,
				955EC596210D410500B21207 /* PostFormViewController.swift */,
				95AA4BB421056717008962F5 /* PostTableViewCell.swift */,
				95F2B9A3210BD81300B9D5B9 /* PostDetailViewController.swift */,
				955EC594210CC8D800B21207 /* ImageViewController.swift */,
				95AA4B8721055FB9008962F5 /* Assets.xcassets */,
				95AA4B8921055FB9008962F5 /* LaunchScreen.storyboard */,
				95AA4B8C21055FB9008962F5 /* Info.plist */,
			);
			path = UrbanApplause;
			sourceTree = "<group>";
		};
		95AA4B9421055FBA008962F5 /* UrbanApplauseTests */ = {
			isa = PBXGroup;
			children = (
				95AA4B9521055FBA008962F5 /* UrbanApplauseTests.swift */,
				95AA4B9721055FBA008962F5 /* Info.plist */,
			);
			path = UrbanApplauseTests;
			sourceTree = "<group>";
		};
		95AA4B9F21055FBA008962F5 /* UrbanApplauseUITests */ = {
			isa = PBXGroup;
			children = (
				95AA4BA021055FBA008962F5 /* UrbanApplauseUITests.swift */,
				95AA4BA221055FBA008962F5 /* Info.plist */,
			);
			path = UrbanApplauseUITests;
			sourceTree = "<group>";
		};
		95F6A32921443823009098CB /* Requests */ = {
			isa = PBXGroup;
			children = (
				95F6A32A21443823009098CB /* GetComics.swift */,
				95F6A32B21443823009098CB /* GetCharacters.swift */,
				95F6A32C21443823009098CB /* GetComic.swift */,
				95A87D9121443BF90034EED3 /* GetPosts.swift */,
			);
			name = Requests;
			path = ../../MarvelAPI/MarvelAPI.playground/Sources/Requests;
			sourceTree = "<group>";
		};
		95F6A32E21443823009098CB /* Utils */ = {
			isa = PBXGroup;
			children = (
				95F6A35021443994009098CB /* SwiftyJSON.swift */,
				95F6A32F21443823009098CB /* HTTPParameter.swift */,
				95F6A33021443823009098CB /* Result.swift */,
				95F6A33121443823009098CB /* md5.swift */,
				95F6A33221443823009098CB /* URLQueryItemEncoder.swift */,
			);
			name = Utils;
			path = ../../MarvelAPI/MarvelAPI.playground/Sources/Utils;
			sourceTree = "<group>";
		};
		95F6A33321443823009098CB /* Models */ = {
			isa = PBXGroup;
			children = (
				95F6A33421443823009098CB /* DataContainer.swift */,
				95F6A33521443823009098CB /* Comic.swift */,
				95F6A33621443823009098CB /* Image.swift */,
				95F6A33721443823009098CB /* MarvelResponse.swift */,
				95A87D9521443D220034EED3 /* APIResponse.swift */,
				95A87D9721443D460034EED3 /* APIError.swift */,
				95F6A33821443823009098CB /* MarvelError.swift */,
				95F6A33921443823009098CB /* ComicCharacter.swift */,
				95F6A33A21443823009098CB /* APIRequest.swift */,
				95F6A34A214438E9009098CB /* Post.swift */,
				95F6A34C21443902009098CB /* Artist.swift */,
				95F6A34E2144391B009098CB /* AuthForm.swift */,
			);
			name = Models;
			path = ../../MarvelAPI/MarvelAPI.playground/Sources/Models;
			sourceTree = "<group>";
		};
		EFED5F7C1E75AD99B3AAF142 /* Frameworks */ = {
			isa = PBXGroup;
			children = (
				C68BAC5981306F8C22D9AAC8 /* Pods_UrbanApplause.framework */,
				D77C9E60E57592BD2EA59A4B /* Pods_UrbanApplauseTests.framework */,
				A259BA5640572DC9E4530817 /* Pods_UrbanApplauseUITests.framework */,
			);
			name = Frameworks;
			sourceTree = "<group>";
		};
/* End PBXGroup section */

/* Begin PBXNativeTarget section */
		95AA4B7C21055FB9008962F5 /* UrbanApplause */ = {
			isa = PBXNativeTarget;
			buildConfigurationList = 95AA4BA521055FBA008962F5 /* Build configuration list for PBXNativeTarget "UrbanApplause" */;
			buildPhases = (
				CC5D55CD3446F8060222A7EE /* [CP] Check Pods Manifest.lock */,
				95AA4B7921055FB9008962F5 /* Sources */,
				95AA4B7A21055FB9008962F5 /* Frameworks */,
				95AA4B7B21055FB9008962F5 /* Resources */,
			);
			buildRules = (
			);
			dependencies = (
			);
			name = UrbanApplause;
			productName = UrbanApplause;
			productReference = 95AA4B7D21055FB9008962F5 /* UrbanApplause.app */;
			productType = "com.apple.product-type.application";
		};
		95AA4B9021055FBA008962F5 /* UrbanApplauseTests */ = {
			isa = PBXNativeTarget;
			buildConfigurationList = 95AA4BA821055FBA008962F5 /* Build configuration list for PBXNativeTarget "UrbanApplauseTests" */;
			buildPhases = (
				AB9035A26B155F9F0C1AA9A7 /* [CP] Check Pods Manifest.lock */,
				95AA4B8D21055FBA008962F5 /* Sources */,
				95AA4B8E21055FBA008962F5 /* Frameworks */,
				95AA4B8F21055FBA008962F5 /* Resources */,
			);
			buildRules = (
			);
			dependencies = (
				95AA4B9321055FBA008962F5 /* PBXTargetDependency */,
			);
			name = UrbanApplauseTests;
			productName = UrbanApplauseTests;
			productReference = 95AA4B9121055FBA008962F5 /* UrbanApplauseTests.xctest */;
			productType = "com.apple.product-type.bundle.unit-test";
		};
		95AA4B9B21055FBA008962F5 /* UrbanApplauseUITests */ = {
			isa = PBXNativeTarget;
			buildConfigurationList = 95AA4BAB21055FBA008962F5 /* Build configuration list for PBXNativeTarget "UrbanApplauseUITests" */;
			buildPhases = (
				379103861C6D88BF424540CD /* [CP] Check Pods Manifest.lock */,
				95AA4B9821055FBA008962F5 /* Sources */,
				95AA4B9921055FBA008962F5 /* Frameworks */,
				95AA4B9A21055FBA008962F5 /* Resources */,
			);
			buildRules = (
			);
			dependencies = (
				95AA4B9E21055FBA008962F5 /* PBXTargetDependency */,
			);
			name = UrbanApplauseUITests;
			productName = UrbanApplauseUITests;
			productReference = 95AA4B9C21055FBA008962F5 /* UrbanApplauseUITests.xctest */;
			productType = "com.apple.product-type.bundle.ui-testing";
		};
/* End PBXNativeTarget section */

/* Begin PBXProject section */
		95AA4B7521055FB9008962F5 /* Project object */ = {
			isa = PBXProject;
			attributes = {
				LastSwiftUpdateCheck = 0940;
				LastUpgradeCheck = 0940;
				ORGANIZATIONNAME = "Flannery Jefferson";
				TargetAttributes = {
					95AA4B7C21055FB9008962F5 = {
						CreatedOnToolsVersion = 9.4.1;
					};
					95AA4B9021055FBA008962F5 = {
						CreatedOnToolsVersion = 9.4.1;
						TestTargetID = 95AA4B7C21055FB9008962F5;
					};
					95AA4B9B21055FBA008962F5 = {
						CreatedOnToolsVersion = 9.4.1;
						TestTargetID = 95AA4B7C21055FB9008962F5;
					};
				};
			};
			buildConfigurationList = 95AA4B7821055FB9008962F5 /* Build configuration list for PBXProject "UrbanApplause" */;
			compatibilityVersion = "Xcode 9.3";
			developmentRegion = en;
			hasScannedForEncodings = 0;
			knownRegions = (
				en,
				Base,
			);
			mainGroup = 95AA4B7421055FB9008962F5;
			productRefGroup = 95AA4B7E21055FB9008962F5 /* Products */;
			projectDirPath = "";
			projectRoot = "";
			targets = (
				95AA4B7C21055FB9008962F5 /* UrbanApplause */,
				95AA4B9021055FBA008962F5 /* UrbanApplauseTests */,
				95AA4B9B21055FBA008962F5 /* UrbanApplauseUITests */,
			);
		};
/* End PBXProject section */

/* Begin PBXResourcesBuildPhase section */
		95AA4B7B21055FB9008962F5 /* Resources */ = {
			isa = PBXResourcesBuildPhase;
			buildActionMask = 2147483647;
			files = (
				955EC593210CBDE700B21207 /* Main.storyboard in Resources */,
				95AA4B8B21055FB9008962F5 /* LaunchScreen.storyboard in Resources */,
				95AA4B8821055FB9008962F5 /* Assets.xcassets in Resources */,
			);
			runOnlyForDeploymentPostprocessing = 0;
		};
		95AA4B8F21055FBA008962F5 /* Resources */ = {
			isa = PBXResourcesBuildPhase;
			buildActionMask = 2147483647;
			files = (
			);
			runOnlyForDeploymentPostprocessing = 0;
		};
		95AA4B9A21055FBA008962F5 /* Resources */ = {
			isa = PBXResourcesBuildPhase;
			buildActionMask = 2147483647;
			files = (
			);
			runOnlyForDeploymentPostprocessing = 0;
		};
/* End PBXResourcesBuildPhase section */

/* Begin PBXShellScriptBuildPhase section */
		379103861C6D88BF424540CD /* [CP] Check Pods Manifest.lock */ = {
			isa = PBXShellScriptBuildPhase;
			buildActionMask = 2147483647;
			files = (
			);
			inputPaths = (
				"${PODS_PODFILE_DIR_PATH}/Podfile.lock",
				"${PODS_ROOT}/Manifest.lock",
			);
			name = "[CP] Check Pods Manifest.lock";
			outputPaths = (
				"$(DERIVED_FILE_DIR)/Pods-UrbanApplauseUITests-checkManifestLockResult.txt",
			);
			runOnlyForDeploymentPostprocessing = 0;
			shellPath = /bin/sh;
			shellScript = "diff \"${PODS_PODFILE_DIR_PATH}/Podfile.lock\" \"${PODS_ROOT}/Manifest.lock\" > /dev/null\nif [ $? != 0 ] ; then\n    # print error to STDERR\n    echo \"error: The sandbox is not in sync with the Podfile.lock. Run 'pod install' or update your CocoaPods installation.\" >&2\n    exit 1\nfi\n# This output is used by Xcode 'outputs' to avoid re-running this script phase.\necho \"SUCCESS\" > \"${SCRIPT_OUTPUT_FILE_0}\"\n";
			showEnvVarsInLog = 0;
		};
		AB9035A26B155F9F0C1AA9A7 /* [CP] Check Pods Manifest.lock */ = {
			isa = PBXShellScriptBuildPhase;
			buildActionMask = 2147483647;
			files = (
			);
			inputPaths = (
				"${PODS_PODFILE_DIR_PATH}/Podfile.lock",
				"${PODS_ROOT}/Manifest.lock",
			);
			name = "[CP] Check Pods Manifest.lock";
			outputPaths = (
				"$(DERIVED_FILE_DIR)/Pods-UrbanApplauseTests-checkManifestLockResult.txt",
			);
			runOnlyForDeploymentPostprocessing = 0;
			shellPath = /bin/sh;
			shellScript = "diff \"${PODS_PODFILE_DIR_PATH}/Podfile.lock\" \"${PODS_ROOT}/Manifest.lock\" > /dev/null\nif [ $? != 0 ] ; then\n    # print error to STDERR\n    echo \"error: The sandbox is not in sync with the Podfile.lock. Run 'pod install' or update your CocoaPods installation.\" >&2\n    exit 1\nfi\n# This output is used by Xcode 'outputs' to avoid re-running this script phase.\necho \"SUCCESS\" > \"${SCRIPT_OUTPUT_FILE_0}\"\n";
			showEnvVarsInLog = 0;
		};
		CC5D55CD3446F8060222A7EE /* [CP] Check Pods Manifest.lock */ = {
			isa = PBXShellScriptBuildPhase;
			buildActionMask = 2147483647;
			files = (
			);
			inputPaths = (
				"${PODS_PODFILE_DIR_PATH}/Podfile.lock",
				"${PODS_ROOT}/Manifest.lock",
			);
			name = "[CP] Check Pods Manifest.lock";
			outputPaths = (
				"$(DERIVED_FILE_DIR)/Pods-UrbanApplause-checkManifestLockResult.txt",
			);
			runOnlyForDeploymentPostprocessing = 0;
			shellPath = /bin/sh;
			shellScript = "diff \"${PODS_PODFILE_DIR_PATH}/Podfile.lock\" \"${PODS_ROOT}/Manifest.lock\" > /dev/null\nif [ $? != 0 ] ; then\n    # print error to STDERR\n    echo \"error: The sandbox is not in sync with the Podfile.lock. Run 'pod install' or update your CocoaPods installation.\" >&2\n    exit 1\nfi\n# This output is used by Xcode 'outputs' to avoid re-running this script phase.\necho \"SUCCESS\" > \"${SCRIPT_OUTPUT_FILE_0}\"\n";
			showEnvVarsInLog = 0;
		};
/* End PBXShellScriptBuildPhase section */

/* Begin PBXSourcesBuildPhase section */
		95AA4B7921055FB9008962F5 /* Sources */ = {
			isa = PBXSourcesBuildPhase;
			buildActionMask = 2147483647;
			files = (
				955EC597210D410500B21207 /* PostFormViewController.swift in Sources */,
				955EC59B210DFED300B21207 /* AuthViewController.swift in Sources */,
				95F6A33D21443823009098CB /* GetComic.swift in Sources */,
				95F6A34B214438E9009098CB /* Post.swift in Sources */,
				95F6A34121443823009098CB /* md5.swift in Sources */,
				95A87D9421443CB00034EED3 /* APIClient.swift in Sources */,
				95F6A33F21443823009098CB /* HTTPParameter.swift in Sources */,
				95F6A34021443823009098CB /* Result.swift in Sources */,
				95F6A33C21443823009098CB /* GetCharacters.swift in Sources */,
				95F6A34821443823009098CB /* ComicCharacter.swift in Sources */,
				95A87D9821443D460034EED3 /* APIError.swift in Sources */,
				95F6A34421443823009098CB /* Comic.swift in Sources */,
				95F6A33E21443823009098CB /* MarvelAPIClient.swift in Sources */,
				95F6A34F2144391B009098CB /* AuthForm.swift in Sources */,
				95F6A34921443823009098CB /* APIRequest.swift in Sources */,
				95F6A34321443823009098CB /* DataContainer.swift in Sources */,
				95F2B9A4210BD81300B9D5B9 /* PostDetailViewController.swift in Sources */,
				95F6A35121443995009098CB /* SwiftyJSON.swift in Sources */,
				955EC595210CC8D800B21207 /* ImageViewController.swift in Sources */,
				955EC599210DF78500B21207 /* Session.swift in Sources */,
				95A87D9221443BF90034EED3 /* GetPosts.swift in Sources */,
				95F6A34621443823009098CB /* MarvelResponse.swift in Sources */,
				95F6A34521443823009098CB /* Image.swift in Sources */,
				95F6A33B21443823009098CB /* GetComics.swift in Sources */,
				95A87D9621443D220034EED3 /* APIResponse.swift in Sources */,
				95F6A34221443823009098CB /* URLQueryItemEncoder.swift in Sources */,
				95AA4B8121055FB9008962F5 /* AppDelegate.swift in Sources */,
				95AA4BB521056717008962F5 /* PostTableViewCell.swift in Sources */,
				95AA4BAF2105600E008962F5 /* PostTableViewController.swift in Sources */,
				95F6A34D21443902009098CB /* Artist.swift in Sources */,
				95F6A34721443823009098CB /* MarvelError.swift in Sources */,
			);
			runOnlyForDeploymentPostprocessing = 0;
		};
		95AA4B8D21055FBA008962F5 /* Sources */ = {
			isa = PBXSourcesBuildPhase;
			buildActionMask = 2147483647;
			files = (
				95AA4B9621055FBA008962F5 /* UrbanApplauseTests.swift in Sources */,
			);
			runOnlyForDeploymentPostprocessing = 0;
		};
		95AA4B9821055FBA008962F5 /* Sources */ = {
			isa = PBXSourcesBuildPhase;
			buildActionMask = 2147483647;
			files = (
				95AA4BA121055FBA008962F5 /* UrbanApplauseUITests.swift in Sources */,
			);
			runOnlyForDeploymentPostprocessing = 0;
		};
/* End PBXSourcesBuildPhase section */

/* Begin PBXTargetDependency section */
		95AA4B9321055FBA008962F5 /* PBXTargetDependency */ = {
			isa = PBXTargetDependency;
			target = 95AA4B7C21055FB9008962F5 /* UrbanApplause */;
			targetProxy = 95AA4B9221055FBA008962F5 /* PBXContainerItemProxy */;
		};
		95AA4B9E21055FBA008962F5 /* PBXTargetDependency */ = {
			isa = PBXTargetDependency;
			target = 95AA4B7C21055FB9008962F5 /* UrbanApplause */;
			targetProxy = 95AA4B9D21055FBA008962F5 /* PBXContainerItemProxy */;
		};
/* End PBXTargetDependency section */

/* Begin PBXVariantGroup section */
		95AA4B8921055FB9008962F5 /* LaunchScreen.storyboard */ = {
			isa = PBXVariantGroup;
			children = (
				95AA4B8A21055FB9008962F5 /* Base */,
			);
			name = LaunchScreen.storyboard;
			sourceTree = "<group>";
		};
/* End PBXVariantGroup section */

/* Begin XCBuildConfiguration section */
		95AA4BA321055FBA008962F5 /* Debug */ = {
			isa = XCBuildConfiguration;
			buildSettings = {
				ALWAYS_SEARCH_USER_PATHS = NO;
				CLANG_ANALYZER_NONNULL = YES;
				CLANG_ANALYZER_NUMBER_OBJECT_CONVERSION = YES_AGGRESSIVE;
				CLANG_CXX_LANGUAGE_STANDARD = "gnu++14";
				CLANG_CXX_LIBRARY = "libc++";
				CLANG_ENABLE_MODULES = YES;
				CLANG_ENABLE_OBJC_ARC = YES;
				CLANG_ENABLE_OBJC_WEAK = YES;
				CLANG_WARN_BLOCK_CAPTURE_AUTORELEASING = YES;
				CLANG_WARN_BOOL_CONVERSION = YES;
				CLANG_WARN_COMMA = YES;
				CLANG_WARN_CONSTANT_CONVERSION = YES;
				CLANG_WARN_DEPRECATED_OBJC_IMPLEMENTATIONS = YES;
				CLANG_WARN_DIRECT_OBJC_ISA_USAGE = YES_ERROR;
				CLANG_WARN_DOCUMENTATION_COMMENTS = YES;
				CLANG_WARN_EMPTY_BODY = YES;
				CLANG_WARN_ENUM_CONVERSION = YES;
				CLANG_WARN_INFINITE_RECURSION = YES;
				CLANG_WARN_INT_CONVERSION = YES;
				CLANG_WARN_NON_LITERAL_NULL_CONVERSION = YES;
				CLANG_WARN_OBJC_IMPLICIT_RETAIN_SELF = YES;
				CLANG_WARN_OBJC_LITERAL_CONVERSION = YES;
				CLANG_WARN_OBJC_ROOT_CLASS = YES_ERROR;
				CLANG_WARN_RANGE_LOOP_ANALYSIS = YES;
				CLANG_WARN_STRICT_PROTOTYPES = YES;
				CLANG_WARN_SUSPICIOUS_MOVE = YES;
				CLANG_WARN_UNGUARDED_AVAILABILITY = YES_AGGRESSIVE;
				CLANG_WARN_UNREACHABLE_CODE = YES;
				CLANG_WARN__DUPLICATE_METHOD_MATCH = YES;
				CODE_SIGN_IDENTITY = "iPhone Developer";
				COPY_PHASE_STRIP = NO;
				DEBUG_INFORMATION_FORMAT = dwarf;
				ENABLE_STRICT_OBJC_MSGSEND = YES;
				ENABLE_TESTABILITY = YES;
				GCC_C_LANGUAGE_STANDARD = gnu11;
				GCC_DYNAMIC_NO_PIC = NO;
				GCC_NO_COMMON_BLOCKS = YES;
				GCC_OPTIMIZATION_LEVEL = 0;
				GCC_PREPROCESSOR_DEFINITIONS = (
					"DEBUG=1",
					"$(inherited)",
				);
				GCC_WARN_64_TO_32_BIT_CONVERSION = YES;
				GCC_WARN_ABOUT_RETURN_TYPE = YES_ERROR;
				GCC_WARN_UNDECLARED_SELECTOR = YES;
				GCC_WARN_UNINITIALIZED_AUTOS = YES_AGGRESSIVE;
				GCC_WARN_UNUSED_FUNCTION = YES;
				GCC_WARN_UNUSED_VARIABLE = YES;
				IPHONEOS_DEPLOYMENT_TARGET = 11.4;
				MTL_ENABLE_DEBUG_INFO = YES;
				ONLY_ACTIVE_ARCH = YES;
				SDKROOT = iphoneos;
				SWIFT_ACTIVE_COMPILATION_CONDITIONS = DEBUG;
				SWIFT_OPTIMIZATION_LEVEL = "-Onone";
			};
			name = Debug;
		};
		95AA4BA421055FBA008962F5 /* Release */ = {
			isa = XCBuildConfiguration;
			buildSettings = {
				ALWAYS_SEARCH_USER_PATHS = NO;
				CLANG_ANALYZER_NONNULL = YES;
				CLANG_ANALYZER_NUMBER_OBJECT_CONVERSION = YES_AGGRESSIVE;
				CLANG_CXX_LANGUAGE_STANDARD = "gnu++14";
				CLANG_CXX_LIBRARY = "libc++";
				CLANG_ENABLE_MODULES = YES;
				CLANG_ENABLE_OBJC_ARC = YES;
				CLANG_ENABLE_OBJC_WEAK = YES;
				CLANG_WARN_BLOCK_CAPTURE_AUTORELEASING = YES;
				CLANG_WARN_BOOL_CONVERSION = YES;
				CLANG_WARN_COMMA = YES;
				CLANG_WARN_CONSTANT_CONVERSION = YES;
				CLANG_WARN_DEPRECATED_OBJC_IMPLEMENTATIONS = YES;
				CLANG_WARN_DIRECT_OBJC_ISA_USAGE = YES_ERROR;
				CLANG_WARN_DOCUMENTATION_COMMENTS = YES;
				CLANG_WARN_EMPTY_BODY = YES;
				CLANG_WARN_ENUM_CONVERSION = YES;
				CLANG_WARN_INFINITE_RECURSION = YES;
				CLANG_WARN_INT_CONVERSION = YES;
				CLANG_WARN_NON_LITERAL_NULL_CONVERSION = YES;
				CLANG_WARN_OBJC_IMPLICIT_RETAIN_SELF = YES;
				CLANG_WARN_OBJC_LITERAL_CONVERSION = YES;
				CLANG_WARN_OBJC_ROOT_CLASS = YES_ERROR;
				CLANG_WARN_RANGE_LOOP_ANALYSIS = YES;
				CLANG_WARN_STRICT_PROTOTYPES = YES;
				CLANG_WARN_SUSPICIOUS_MOVE = YES;
				CLANG_WARN_UNGUARDED_AVAILABILITY = YES_AGGRESSIVE;
				CLANG_WARN_UNREACHABLE_CODE = YES;
				CLANG_WARN__DUPLICATE_METHOD_MATCH = YES;
				CODE_SIGN_IDENTITY = "iPhone Developer";
				COPY_PHASE_STRIP = NO;
				DEBUG_INFORMATION_FORMAT = "dwarf-with-dsym";
				ENABLE_NS_ASSERTIONS = NO;
				ENABLE_STRICT_OBJC_MSGSEND = YES;
				GCC_C_LANGUAGE_STANDARD = gnu11;
				GCC_NO_COMMON_BLOCKS = YES;
				GCC_WARN_64_TO_32_BIT_CONVERSION = YES;
				GCC_WARN_ABOUT_RETURN_TYPE = YES_ERROR;
				GCC_WARN_UNDECLARED_SELECTOR = YES;
				GCC_WARN_UNINITIALIZED_AUTOS = YES_AGGRESSIVE;
				GCC_WARN_UNUSED_FUNCTION = YES;
				GCC_WARN_UNUSED_VARIABLE = YES;
				IPHONEOS_DEPLOYMENT_TARGET = 11.4;
				MTL_ENABLE_DEBUG_INFO = NO;
				SDKROOT = iphoneos;
				SWIFT_COMPILATION_MODE = wholemodule;
				SWIFT_OPTIMIZATION_LEVEL = "-O";
				VALIDATE_PRODUCT = YES;
			};
			name = Release;
		};
		95AA4BA621055FBA008962F5 /* Debug */ = {
			isa = XCBuildConfiguration;
			baseConfigurationReference = E814115D1DC34151D0BD77C6 /* Pods-UrbanApplause.debug.xcconfig */;
			buildSettings = {
				ASSETCATALOG_COMPILER_APPICON_NAME = AppIcon;
				CODE_SIGN_STYLE = Automatic;
				DEVELOPMENT_TEAM = 39GKF6K8N3;
				INFOPLIST_FILE = UrbanApplause/Info.plist;
				LD_RUNPATH_SEARCH_PATHS = (
					"$(inherited)",
					"@executable_path/Frameworks",
				);
				PRODUCT_BUNDLE_IDENTIFIER = flannerykj.UrbanApplause;
				PRODUCT_NAME = "$(TARGET_NAME)";
				SWIFT_VERSION = 4.0;
				TARGETED_DEVICE_FAMILY = "1,2";
			};
			name = Debug;
		};
		95AA4BA721055FBA008962F5 /* Release */ = {
			isa = XCBuildConfiguration;
			baseConfigurationReference = 5DCA52A0BD280FB13AACFCA2 /* Pods-UrbanApplause.release.xcconfig */;
			buildSettings = {
				ASSETCATALOG_COMPILER_APPICON_NAME = AppIcon;
				CODE_SIGN_STYLE = Automatic;
				DEVELOPMENT_TEAM = 39GKF6K8N3;
				INFOPLIST_FILE = UrbanApplause/Info.plist;
				LD_RUNPATH_SEARCH_PATHS = (
					"$(inherited)",
					"@executable_path/Frameworks",
				);
				PRODUCT_BUNDLE_IDENTIFIER = flannerykj.UrbanApplause;
				PRODUCT_NAME = "$(TARGET_NAME)";
				SWIFT_VERSION = 4.0;
				TARGETED_DEVICE_FAMILY = "1,2";
			};
			name = Release;
		};
		95AA4BA921055FBA008962F5 /* Debug */ = {
			isa = XCBuildConfiguration;
			baseConfigurationReference = B54024B66C7DD4BE11DF0A75 /* Pods-UrbanApplauseTests.debug.xcconfig */;
			buildSettings = {
				ALWAYS_EMBED_SWIFT_STANDARD_LIBRARIES = YES;
				BUNDLE_LOADER = "$(TEST_HOST)";
				CODE_SIGN_STYLE = Automatic;
				DEVELOPMENT_TEAM = 39GKF6K8N3;
				INFOPLIST_FILE = UrbanApplauseTests/Info.plist;
				LD_RUNPATH_SEARCH_PATHS = (
					"$(inherited)",
					"@executable_path/Frameworks",
					"@loader_path/Frameworks",
				);
				PRODUCT_BUNDLE_IDENTIFIER = flannerykj.UrbanApplauseTests;
				PRODUCT_NAME = "$(TARGET_NAME)";
				SWIFT_VERSION = 4.0;
				TARGETED_DEVICE_FAMILY = "1,2";
				TEST_HOST = "$(BUILT_PRODUCTS_DIR)/UrbanApplause.app/UrbanApplause";
			};
			name = Debug;
		};
		95AA4BAA21055FBA008962F5 /* Release */ = {
			isa = XCBuildConfiguration;
			baseConfigurationReference = 0C605DAA8AE60B41341E7D46 /* Pods-UrbanApplauseTests.release.xcconfig */;
			buildSettings = {
				ALWAYS_EMBED_SWIFT_STANDARD_LIBRARIES = YES;
				BUNDLE_LOADER = "$(TEST_HOST)";
				CODE_SIGN_STYLE = Automatic;
				DEVELOPMENT_TEAM = 39GKF6K8N3;
				INFOPLIST_FILE = UrbanApplauseTests/Info.plist;
				LD_RUNPATH_SEARCH_PATHS = (
					"$(inherited)",
					"@executable_path/Frameworks",
					"@loader_path/Frameworks",
				);
				PRODUCT_BUNDLE_IDENTIFIER = flannerykj.UrbanApplauseTests;
				PRODUCT_NAME = "$(TARGET_NAME)";
				SWIFT_VERSION = 4.0;
				TARGETED_DEVICE_FAMILY = "1,2";
				TEST_HOST = "$(BUILT_PRODUCTS_DIR)/UrbanApplause.app/UrbanApplause";
			};
			name = Release;
		};
		95AA4BAC21055FBA008962F5 /* Debug */ = {
			isa = XCBuildConfiguration;
			baseConfigurationReference = 50A26EC127C1299E12918200 /* Pods-UrbanApplauseUITests.debug.xcconfig */;
			buildSettings = {
				ALWAYS_EMBED_SWIFT_STANDARD_LIBRARIES = YES;
				CODE_SIGN_STYLE = Automatic;
				DEVELOPMENT_TEAM = 39GKF6K8N3;
				INFOPLIST_FILE = UrbanApplauseUITests/Info.plist;
				LD_RUNPATH_SEARCH_PATHS = (
					"$(inherited)",
					"@executable_path/Frameworks",
					"@loader_path/Frameworks",
				);
				PRODUCT_BUNDLE_IDENTIFIER = flannerykj.UrbanApplauseUITests;
				PRODUCT_NAME = "$(TARGET_NAME)";
				SWIFT_VERSION = 4.0;
				TARGETED_DEVICE_FAMILY = "1,2";
				TEST_TARGET_NAME = UrbanApplause;
			};
			name = Debug;
		};
		95AA4BAD21055FBA008962F5 /* Release */ = {
			isa = XCBuildConfiguration;
			baseConfigurationReference = F29463174B37526F42E7D37C /* Pods-UrbanApplauseUITests.release.xcconfig */;
			buildSettings = {
				ALWAYS_EMBED_SWIFT_STANDARD_LIBRARIES = YES;
				CODE_SIGN_STYLE = Automatic;
				DEVELOPMENT_TEAM = 39GKF6K8N3;
				INFOPLIST_FILE = UrbanApplauseUITests/Info.plist;
				LD_RUNPATH_SEARCH_PATHS = (
					"$(inherited)",
					"@executable_path/Frameworks",
					"@loader_path/Frameworks",
				);
				PRODUCT_BUNDLE_IDENTIFIER = flannerykj.UrbanApplauseUITests;
				PRODUCT_NAME = "$(TARGET_NAME)";
				SWIFT_VERSION = 4.0;
				TARGETED_DEVICE_FAMILY = "1,2";
				TEST_TARGET_NAME = UrbanApplause;
			};
			name = Release;
		};
/* End XCBuildConfiguration section */

/* Begin XCConfigurationList section */
		95AA4B7821055FB9008962F5 /* Build configuration list for PBXProject "UrbanApplause" */ = {
			isa = XCConfigurationList;
			buildConfigurations = (
				95AA4BA321055FBA008962F5 /* Debug */,
				95AA4BA421055FBA008962F5 /* Release */,
			);
			defaultConfigurationIsVisible = 0;
			defaultConfigurationName = Release;
		};
		95AA4BA521055FBA008962F5 /* Build configuration list for PBXNativeTarget "UrbanApplause" */ = {
			isa = XCConfigurationList;
			buildConfigurations = (
				95AA4BA621055FBA008962F5 /* Debug */,
				95AA4BA721055FBA008962F5 /* Release */,
			);
			defaultConfigurationIsVisible = 0;
			defaultConfigurationName = Release;
		};
		95AA4BA821055FBA008962F5 /* Build configuration list for PBXNativeTarget "UrbanApplauseTests" */ = {
			isa = XCConfigurationList;
			buildConfigurations = (
				95AA4BA921055FBA008962F5 /* Debug */,
				95AA4BAA21055FBA008962F5 /* Release */,
			);
			defaultConfigurationIsVisible = 0;
			defaultConfigurationName = Release;
		};
		95AA4BAB21055FBA008962F5 /* Build configuration list for PBXNativeTarget "UrbanApplauseUITests" */ = {
			isa = XCConfigurationList;
			buildConfigurations = (
				95AA4BAC21055FBA008962F5 /* Debug */,
				95AA4BAD21055FBA008962F5 /* Release */,
			);
			defaultConfigurationIsVisible = 0;
			defaultConfigurationName = Release;
		};
/* End XCConfigurationList section */
	};
	rootObject = 95AA4B7521055FB9008962F5 /* Project object */;
}
